
Microsoft Visual Studio Solution File, Format Version 12.00
# Visual Studio Version 17
VisualStudioVersion = 17.11.35219.272
MinimumVisualStudioVersion = 10.0.40219.1
Project("{FAE04EC0-301F-11D3-BF4B-00C04F79EFBC}") = "MyFirstWebApplication", "MyFirstWebApplication\MyFirstWebApplication.csproj", "{BFEC4A14-C354-4D05-8A87-CEABF0A215F7}"
EndProject
Global
	GlobalSection(SolutionConfigurationPlatforms) = preSolution
		Debug|Any CPU = Debug|Any CPU
		Release|Any CPU = Release|Any CPU
	EndGlobalSection
	GlobalSection(ProjectConfigurationPlatforms) = postSolution
		{BFEC4A14-C354-4D05-8A87-CEABF0A215F7}.Debug|Any CPU.ActiveCfg = Debug|Any CPU
		{BFEC4A14-C354-4D05-8A87-CEABF0A215F7}.Debug|Any CPU.Build.0 = Debug|Any CPU
		{BFEC4A14-C354-4D05-8A87-CEABF0A215F7}.Release|Any CPU.ActiveCfg = Release|Any CPU
		{BFEC4A14-C354-4D05-8A87-CEABF0A215F7}.Release|Any CPU.Build.0 = Release|Any CPU
	EndGlobalSection
	GlobalSection(SolutionProperties) = preSolution
		HideSolutionNode = FALSE
	EndGlobalSection
	GlobalSection(ExtensibilityGlobals) = postSolution
		SolutionGuid = {DF487E16-A2AE-492D-9F86-B141375CD938}
	EndGlobalSection
EndGlobal
